
Microsoft Visual Studio Solution File, Format Version 12.00
# Visual Studio Version 16
VisualStudioVersion = 16.0.30804.86
MinimumVisualStudioVersion = 10.0.40219.1
Project("{9092AA53-FB77-4645-B42D-1CCCA6BD08BD}") = "Cyntegrity.Web", "Cyntegrity.Web\Cyntegrity.Web.njsproj", "{535FD94E-F92E-48F3-A0C4-E4D3CD625912}"
EndProject
Global
	GlobalSection(SolutionConfigurationPlatforms) = preSolution
		Debug|Any CPU = Debug|Any CPU
		Release|Any CPU = Release|Any CPU
	EndGlobalSection
	GlobalSection(ProjectConfigurationPlatforms) = postSolution
		{535FD94E-F92E-48F3-A0C4-E4D3CD625912}.Debug|Any CPU.ActiveCfg = Debug|Any CPU
		{535FD94E-F92E-48F3-A0C4-E4D3CD625912}.Debug|Any CPU.Build.0 = Debug|Any CPU
		{535FD94E-F92E-48F3-A0C4-E4D3CD625912}.Release|Any CPU.ActiveCfg = Release|Any CPU
		{535FD94E-F92E-48F3-A0C4-E4D3CD625912}.Release|Any CPU.Build.0 = Release|Any CPU
	EndGlobalSection
	GlobalSection(SolutionProperties) = preSolution
		HideSolutionNode = FALSE
	EndGlobalSection
	GlobalSection(ExtensibilityGlobals) = postSolution
		SolutionGuid = {4AFC4E17-5084-4EF0-8DF3-A0CDF7CC94E4}
	EndGlobalSection
EndGlobal
